
Microsoft Visual Studio Solution File, Format Version 12.00
# Visual Studio Version 16
VisualStudioVersion = 16.0.31205.134
MinimumVisualStudioVersion = 10.0.40219.1
Project("{FAE04EC0-301F-11D3-BF4B-00C04F79EFBC}") = "lab11", "lab11\lab11.csproj", "{BAC7E8FF-4A0A-4F49-8547-01FCE3F5D7A3}"
EndProject
Global
	GlobalSection(SolutionConfigurationPlatforms) = preSolution
		Debug|Any CPU = Debug|Any CPU
		Release|Any CPU = Release|Any CPU
	EndGlobalSection
	GlobalSection(ProjectConfigurationPlatforms) = postSolution
		{BAC7E8FF-4A0A-4F49-8547-01FCE3F5D7A3}.Debug|Any CPU.ActiveCfg = Debug|Any CPU
		{BAC7E8FF-4A0A-4F49-8547-01FCE3F5D7A3}.Debug|Any CPU.Build.0 = Debug|Any CPU
		{BAC7E8FF-4A0A-4F49-8547-01FCE3F5D7A3}.Release|Any CPU.ActiveCfg = Release|Any CPU
		{BAC7E8FF-4A0A-4F49-8547-01FCE3F5D7A3}.Release|Any CPU.Build.0 = Release|Any CPU
	EndGlobalSection
	GlobalSection(SolutionProperties) = preSolution
		HideSolutionNode = FALSE
	EndGlobalSection
	GlobalSection(ExtensibilityGlobals) = postSolution
		SolutionGuid = {14941418-8A1D-4EDE-A893-4AA22A8ACB67}
	EndGlobalSection
EndGlobal
